# This file was autogenerated by Stack.
# You should not edit this file by hand.
# For more information, please see the documentation at:
#   https://docs.haskellstack.org/en/stable/topics/lock_files

packages:
- completed:
    commit: 6c43fbf3419bb3c1f3dd7b9b57982bd22dfc8532
    git: https://github.com/noahmartinwilliams/matrix-accelerate.git
    name: matrix-accelerate
    pantry-tree:
      sha256: 28021d243da4650a2537264010ebcc3d040a0184a9ee6beaa20b3dbebb82adef
      size: 542
    version: 0.1.0.0
  original:
    commit: 6c43fbf3419bb3c1f3dd7b9b57982bd22dfc8532
    git: https://github.com/noahmartinwilliams/matrix-accelerate.git
- completed:
    commit: 003205b521b1b3c21ad7e0c14f268e8b84d9bc03
    git: https://github.com/tomsmeding/cuda.git
    name: cuda
    pantry-tree:
      sha256: 07299d7e373dc5bb4aa61683eb56e66c2f9884edbaaef563442a0963cde25178
      size: 8767
    subdir: cuda
    version: 0.13.0.0
  original:
    commit: 003205b521b1b3c21ad7e0c14f268e8b84d9bc03
    git: https://github.com/tomsmeding/cuda.git
    subdir: cuda
- completed:
    commit: 003205b521b1b3c21ad7e0c14f268e8b84d9bc03
    git: https://github.com/tomsmeding/cuda.git
    name: cuda-runtime
    pantry-tree:
      sha256: 0aabd92c244f05a64dd3c617fa3cdf0abf26894361e4a04c18dea18c0778b86f
      size: 862
    subdir: cuda-runtime
    version: 0.13.0.0
  original:
    commit: 003205b521b1b3c21ad7e0c14f268e8b84d9bc03
    git: https://github.com/tomsmeding/cuda.git
    subdir: cuda-runtime
- completed:
    commit: bc36f0cff457902ff8abc490df307ff9a2d43677
    git: https://github.com/visq/language-c.git
    name: language-c
    pantry-tree:
      sha256: 6a59f786500e75816170506a4bc685d03d4abd0529d51fa86c3a1d593a99ce7b
      size: 19642
    version: 0.10.1
  original:
    commit: bc36f0cff457902ff8abc490df307ff9a2d43677
    git: https://github.com/visq/language-c.git
- completed:
    commit: c22387ed2e00b00a6c79dcec5d22b53874da91fc
    git: https://github.com/AccelerateHS/accelerate.git
    name: accelerate
    pantry-tree:
      sha256: 5d12a7ed4a19b78fc9e5c7ae661d461aaaef181391110ac28e1933e26b4df568
      size: 50786
    version: 1.4.0.0
  original:
    commit: c22387ed2e00b00a6c79dcec5d22b53874da91fc
    git: https://github.com/AccelerateHS/accelerate.git
- completed:
    commit: 0e3323d5130fbc5d5d471df97b1a42fcb07a2572
    git: https://github.com/AccelerateHS/accelerate-llvm.git
    name: accelerate-llvm
    pantry-tree:
      sha256: d3d0fb7e8805987727ea63c9fd15dcb86f792ebe562931647a4fa4f5d45174dc
      size: 8189
    subdir: accelerate-llvm
    version: 1.4.0.0
  original:
    commit: 0e3323d5130fbc5d5d471df97b1a42fcb07a2572
    git: https://github.com/AccelerateHS/accelerate-llvm.git
    subdir: accelerate-llvm
- completed:
    commit: 0e3323d5130fbc5d5d471df97b1a42fcb07a2572
    git: https://github.com/AccelerateHS/accelerate-llvm.git
    name: accelerate-llvm-ptx
    pantry-tree:
      sha256: 0a6fc0d50067c98a79565d32268406685c07490896705e11e8ab05aa88f87125
      size: 4951
    subdir: accelerate-llvm-ptx
    version: 1.4.0.0
  original:
    commit: 0e3323d5130fbc5d5d471df97b1a42fcb07a2572
    git: https://github.com/AccelerateHS/accelerate-llvm.git
    subdir: accelerate-llvm-ptx
- completed:
    commit: 0e3323d5130fbc5d5d471df97b1a42fcb07a2572
    git: https://github.com/AccelerateHS/accelerate-llvm.git
    name: accelerate-llvm-native
    pantry-tree:
      sha256: c0ca634d9d09bdf70c3de89c1fef31a1128617a293cf59b0156db66853fea798
      size: 4778
    subdir: accelerate-llvm-native
    version: 1.4.0.0
  original:
    commit: 0e3323d5130fbc5d5d471df97b1a42fcb07a2572
    git: https://github.com/AccelerateHS/accelerate-llvm.git
    subdir: accelerate-llvm-native
- completed:
    hackage: monadLib-3.10.3@sha256:026ba169762e63f0fe5f5c78829808f522a28730043bc3ad9b7c146baedf709f,637
    pantry-tree:
      sha256: da85680ad661e0c7ad4de37437ddbfb029c789ada8f856f6abce0465f6836830
      size: 425
  original:
    hackage: monadLib-3.10.3@sha256:026ba169762e63f0fe5f5c78829808f522a28730043bc3ad9b7c146baedf709f,637
- completed:
    commit: de305049768c2204b59eff66e38defc36628a104
    git: https://github.com/noahmartinwilliams/c2hs.git
    name: c2hs
    pantry-tree:
      sha256: 8c130362bcb42a3e45af2f882e1e63bdf4017e2646459b031d7eba046e273579
      size: 20291
    version: 0.28.9
  original:
    commit: de305049768c2204b59eff66e38defc36628a104
    git: https://github.com/noahmartinwilliams/c2hs.git
- completed:
    hackage: unique-0.0.2@sha256:8e3649c1007a0c9a3775733dd5f71f0e90dd2728933db1feae45b008fa88dc35,1344
    pantry-tree:
      sha256: 4b2892af9304c044560892f976870a4d09b53e771d8d062ea47bbdeb20994190
      size: 385
  original:
    hackage: unique-0.0.2@sha256:8e3649c1007a0c9a3775733dd5f71f0e90dd2728933db1feae45b008fa88dc35,1344
- completed:
    name: lens-accelerate
    pantry-tree:
      sha256: bfd3521fb0160f808bce57f411c2385618cf89db736db8d9f3376380dfd58e53
      size: 1119
    sha256: 346b686a5db952d3a1198d6a613d085a92c80d0d39a8408afe04abccac11e335
    size: 8606
    url: https://github.com/tmcdonell/lens-accelerate/archive/c717610c1ea5531d14ef0ca9f8e73e3aa3b80a5e.tar.gz
    version: 0.3.0.0
  original:
    url: https://github.com/tmcdonell/lens-accelerate/archive/c717610c1ea5531d14ef0ca9f8e73e3aa3b80a5e.tar.gz
snapshots:
- completed:
    sha256: 45b164eaf5c16bd220d2c5d7ab9a66ca0cfbcde7753703a5cb3549172adde813
    size: 728959
    url: https://raw.githubusercontent.com/commercialhaskell/stackage-snapshots/master/lts/24/34.yaml
  original:
    url: https://raw.githubusercontent.com/commercialhaskell/stackage-snapshots/master/lts/24/34.yaml
